
Microsoft Visual Studio Solution File, Format Version 12.00
# Visual Studio Version 17
VisualStudioVersion = 17.4.33122.133
MinimumVisualStudioVersion = 10.0.40219.1
Project("{FAE04EC0-301F-11D3-BF4B-00C04F79EFBC}") = "testAPI", "testAPI\testAPI.csproj", "{EE9361E2-F2EA-445C-B109-7DDF9C74F9F1}"
EndProject
Global
	GlobalSection(SolutionConfigurationPlatforms) = preSolution
		Debug|Any CPU = Debug|Any CPU
		Release|Any CPU = Release|Any CPU
	EndGlobalSection
	GlobalSection(ProjectConfigurationPlatforms) = postSolution
		{EE9361E2-F2EA-445C-B109-7DDF9C74F9F1}.Debug|Any CPU.ActiveCfg = Debug|Any CPU
		{EE9361E2-F2EA-445C-B109-7DDF9C74F9F1}.Debug|Any CPU.Build.0 = Debug|Any CPU
		{EE9361E2-F2EA-445C-B109-7DDF9C74F9F1}.Release|Any CPU.ActiveCfg = Release|Any CPU
		{EE9361E2-F2EA-445C-B109-7DDF9C74F9F1}.Release|Any CPU.Build.0 = Release|Any CPU
	EndGlobalSection
	GlobalSection(SolutionProperties) = preSolution
		HideSolutionNode = FALSE
	EndGlobalSection
	GlobalSection(ExtensibilityGlobals) = postSolution
		SolutionGuid = {C65169A4-B6AA-48FB-B3A2-74638A8B0C25}
	EndGlobalSection
EndGlobal
